
Microsoft Visual Studio Solution File, Format Version 12.00
# Visual Studio 15
VisualStudioVersion = 15.0.28307.106
MinimumVisualStudioVersion = 10.0.40219.1
Project("{FAE04EC0-301F-11D3-BF4B-00C04F79EFBC}") = "First", "WindowsFormsApp5\First.csproj", "{9750AB98-155F-44EF-BA8B-80B96783F302}"
EndProject
Global
	GlobalSection(SolutionConfigurationPlatforms) = preSolution
		Debug|Any CPU = Debug|Any CPU
		Release|Any CPU = Release|Any CPU
	EndGlobalSection
	GlobalSection(ProjectConfigurationPlatforms) = postSolution
		{9750AB98-155F-44EF-BA8B-80B96783F302}.Debug|Any CPU.ActiveCfg = Debug|Any CPU
		{9750AB98-155F-44EF-BA8B-80B96783F302}.Debug|Any CPU.Build.0 = Debug|Any CPU
		{9750AB98-155F-44EF-BA8B-80B96783F302}.Release|Any CPU.ActiveCfg = Release|Any CPU
		{9750AB98-155F-44EF-BA8B-80B96783F302}.Release|Any CPU.Build.0 = Release|Any CPU
	EndGlobalSection
	GlobalSection(SolutionProperties) = preSolution
		HideSolutionNode = FALSE
	EndGlobalSection
	GlobalSection(ExtensibilityGlobals) = postSolution
		SolutionGuid = {1AC11689-6157-461A-9461-93880EE04753}
	EndGlobalSection
EndGlobal
